// !$*UTF8*$!
{
	archiveVersion = 1;
	classes = {
	};
	objectVersion = 55;
	objects = {

/* Begin PBXBuildFile section */
		830C9CDA2848E0AA00B1440E /* AppDelegate.swift in Sources */ = {isa = PBXBuildFile; fileRef = 830C9CD92848E0AA00B1440E /* AppDelegate.swift */; };
		830C9CDC2848E0AA00B1440E /* SceneDelegate.swift in Sources */ = {isa = PBXBuildFile; fileRef = 830C9CDB2848E0AA00B1440E /* SceneDelegate.swift */; };
		830C9CDE2848E0AA00B1440E /* FlightTableViewController.swift in Sources */ = {isa = PBXBuildFile; fileRef = 830C9CDD2848E0AA00B1440E /* FlightTableViewController.swift */; };
		830C9CE32848E0AD00B1440E /* Assets.xcassets in Resources */ = {isa = PBXBuildFile; fileRef = 830C9CE22848E0AD00B1440E /* Assets.xcassets */; };
		830C9CE62848E0AD00B1440E /* LaunchScreen.storyboard in Resources */ = {isa = PBXBuildFile; fileRef = 830C9CE42848E0AD00B1440E /* LaunchScreen.storyboard */; };
		830C9CEE2848E28500B1440E /* FlightCell.swift in Sources */ = {isa = PBXBuildFile; fileRef = 830C9CED2848E28500B1440E /* FlightCell.swift */; };
		830C9CF52848E2E800B1440E /* Coordinator.swift in Sources */ = {isa = PBXBuildFile; fileRef = 830C9CF42848E2E800B1440E /* Coordinator.swift */; };
		830C9CF72848E33100B1440E /* AppCoordinator.swift in Sources */ = {isa = PBXBuildFile; fileRef = 830C9CF62848E33100B1440E /* AppCoordinator.swift */; };
		830C9CFA2848E3B000B1440E /* FactoryProtocol.swift in Sources */ = {isa = PBXBuildFile; fileRef = 830C9CF92848E3B000B1440E /* FactoryProtocol.swift */; };
		830C9CFC2848E3F000B1440E /* ControllerFactory.swift in Sources */ = {isa = PBXBuildFile; fileRef = 830C9CFB2848E3F000B1440E /* ControllerFactory.swift */; };
		830C9CFE2848E4CC00B1440E /* FlightTableViewModel.swift in Sources */ = {isa = PBXBuildFile; fileRef = 830C9CFD2848E4CC00B1440E /* FlightTableViewModel.swift */; };
		830C9D042848EF1600B1440E /* NetworkService.swift in Sources */ = {isa = PBXBuildFile; fileRef = 830C9D032848EF1600B1440E /* NetworkService.swift */; };
		830C9D082848F26100B1440E /* FligthInfo.swift in Sources */ = {isa = PBXBuildFile; fileRef = 830C9D072848F26100B1440E /* FligthInfo.swift */; };
		830C9D0C28491B9900B1440E /* UIViewExtension.swift in Sources */ = {isa = PBXBuildFile; fileRef = 830C9D0B28491B9900B1440E /* UIViewExtension.swift */; };
		830C9D0E2849226100B1440E /* FlightDetailView.swift in Sources */ = {isa = PBXBuildFile; fileRef = 830C9D0D2849226100B1440E /* FlightDetailView.swift */; };
		836ABF5D284E6FFE001A4899 /* DateManager.swift in Sources */ = {isa = PBXBuildFile; fileRef = 836ABF5C284E6FFE001A4899 /* DateManager.swift */; };
		836ABF5F284EB32A001A4899 /* FavoriteManager.swift in Sources */ = {isa = PBXBuildFile; fileRef = 836ABF5E284EB32A001A4899 /* FavoriteManager.swift */; };
		83724B33284CFFA300D8C73B /* UITableView+Extension.swift in Sources */ = {isa = PBXBuildFile; fileRef = 83724B32284CFFA300D8C73B /* UITableView+Extension.swift */; };
		83724B36284D503500D8C73B /* DetailView.swift in Sources */ = {isa = PBXBuildFile; fileRef = 83724B35284D503400D8C73B /* DetailView.swift */; };
/* End PBXBuildFile section */

/* Begin PBXFileReference section */
		830C9CD62848E0AA00B1440E /* FlightTracker.app */ = {isa = PBXFileReference; explicitFileType = wrapper.application; includeInIndex = 0; path = FlightTracker.app; sourceTree = BUILT_PRODUCTS_DIR; };
		830C9CD92848E0AA00B1440E /* AppDelegate.swift */ = {isa = PBXFileReference; lastKnownFileType = sourcecode.swift; path = AppDelegate.swift; sourceTree = "<group>"; };
		830C9CDB2848E0AA00B1440E /* SceneDelegate.swift */ = {isa = PBXFileReference; lastKnownFileType = sourcecode.swift; path = SceneDelegate.swift; sourceTree = "<group>"; };
		830C9CDD2848E0AA00B1440E /* FlightTableViewController.swift */ = {isa = PBXFileReference; lastKnownFileType = sourcecode.swift; path = FlightTableViewController.swift; sourceTree = "<group>"; };
		830C9CE22848E0AD00B1440E /* Assets.xcassets */ = {isa = PBXFileReference; lastKnownFileType = folder.assetcatalog; path = Assets.xcassets; sourceTree = "<group>"; };
		830C9CE52848E0AD00B1440E /* Base */ = {isa = PBXFileReference; lastKnownFileType = file.storyboard; name = Base; path = Base.lproj/LaunchScreen.storyboard; sourceTree = "<group>"; };
		830C9CE72848E0AD00B1440E /* Info.plist */ = {isa = PBXFileReference; lastKnownFileType = text.plist.xml; path = Info.plist; sourceTree = "<group>"; };
		830C9CED2848E28500B1440E /* FlightCell.swift */ = {isa = PBXFileReference; lastKnownFileType = sourcecode.swift; path = FlightCell.swift; sourceTree = "<group>"; };
		830C9CF42848E2E800B1440E /* Coordinator.swift */ = {isa = PBXFileReference; lastKnownFileType = sourcecode.swift; path = Coordinator.swift; sourceTree = "<group>"; };
		830C9CF62848E33100B1440E /* AppCoordinator.swift */ = {isa = PBXFileReference; lastKnownFileType = sourcecode.swift; path = AppCoordinator.swift; sourceTree = "<group>"; };
		830C9CF92848E3B000B1440E /* FactoryProtocol.swift */ = {isa = PBXFileReference; lastKnownFileType = sourcecode.swift; path = FactoryProtocol.swift; sourceTree = "<group>"; };
		830C9CFB2848E3F000B1440E /* ControllerFactory.swift */ = {isa = PBXFileReference; lastKnownFileType = sourcecode.swift; path = ControllerFactory.swift; sourceTree = "<group>"; };
		830C9CFD2848E4CC00B1440E /* FlightTableViewModel.swift */ = {isa = PBXFileReference; lastKnownFileType = sourcecode.swift; path = FlightTableViewModel.swift; sourceTree = "<group>"; };
		830C9D032848EF1600B1440E /* NetworkService.swift */ = {isa = PBXFileReference; lastKnownFileType = sourcecode.swift; path = NetworkService.swift; sourceTree = "<group>"; };
		830C9D072848F26100B1440E /* FligthInfo.swift */ = {isa = PBXFileReference; lastKnownFileType = sourcecode.swift; path = FligthInfo.swift; sourceTree = "<group>"; };
		830C9D0B28491B9900B1440E /* UIViewExtension.swift */ = {isa = PBXFileReference; lastKnownFileType = sourcecode.swift; path = UIViewExtension.swift; sourceTree = "<group>"; };
		830C9D0D2849226100B1440E /* FlightDetailView.swift */ = {isa = PBXFileReference; lastKnownFileType = sourcecode.swift; path = FlightDetailView.swift; sourceTree = "<group>"; };
		836ABF5C284E6FFE001A4899 /* DateManager.swift */ = {isa = PBXFileReference; lastKnownFileType = sourcecode.swift; path = DateManager.swift; sourceTree = "<group>"; };
		836ABF5E284EB32A001A4899 /* FavoriteManager.swift */ = {isa = PBXFileReference; lastKnownFileType = sourcecode.swift; path = FavoriteManager.swift; sourceTree = "<group>"; };
		83724B32284CFFA300D8C73B /* UITableView+Extension.swift */ = {isa = PBXFileReference; lastKnownFileType = sourcecode.swift; path = "UITableView+Extension.swift"; sourceTree = "<group>"; };
		83724B35284D503400D8C73B /* DetailView.swift */ = {isa = PBXFileReference; lastKnownFileType = sourcecode.swift; path = DetailView.swift; sourceTree = "<group>"; };
/* End PBXFileReference section */

/* Begin PBXFrameworksBuildPhase section */
		830C9CD32848E0AA00B1440E /* Frameworks */ = {
			isa = PBXFrameworksBuildPhase;
			buildActionMask = 2147483647;
			files = (
			);
			runOnlyForDeploymentPostprocessing = 0;
		};
/* End PBXFrameworksBuildPhase section */

/* Begin PBXGroup section */
		830C9CCD2848E0AA00B1440E = {
			isa = PBXGroup;
			children = (
				830C9CD82848E0AA00B1440E /* FlightTracker */,
				830C9CD72848E0AA00B1440E /* Products */,
			);
			sourceTree = "<group>";
		};
		830C9CD72848E0AA00B1440E /* Products */ = {
			isa = PBXGroup;
			children = (
				830C9CD62848E0AA00B1440E /* FlightTracker.app */,
			);
			name = Products;
			sourceTree = "<group>";
		};
		830C9CD82848E0AA00B1440E /* FlightTracker */ = {
			isa = PBXGroup;
			children = (
				836ABF5B284E6FEE001A4899 /* Managers */,
				830C9CF12848E2BB00B1440E /* App */,
				83724B2D284CFDF000D8C73B /* Controllers */,
				83724B34284D4F9300D8C73B /* Views */,
				830C9CE22848E0AD00B1440E /* Assets.xcassets */,
				830C9CE42848E0AD00B1440E /* LaunchScreen.storyboard */,
				830C9CE72848E0AD00B1440E /* Info.plist */,
				830C9D012848EEF600B1440E /* Models */,
				830C9D002848EEE200B1440E /* ViewModels */,
				83724B2E284CFE0A00D8C73B /* Utilits */,
			);
			path = FlightTracker;
			sourceTree = "<group>";
		};
		830C9CF12848E2BB00B1440E /* App */ = {
			isa = PBXGroup;
			children = (
				830C9CD92848E0AA00B1440E /* AppDelegate.swift */,
				830C9CDB2848E0AA00B1440E /* SceneDelegate.swift */,
			);
			path = App;
			sourceTree = "<group>";
		};
		830C9CF82848E39700B1440E /* Coordinator */ = {
			isa = PBXGroup;
			children = (
				830C9CF42848E2E800B1440E /* Coordinator.swift */,
				830C9CF62848E33100B1440E /* AppCoordinator.swift */,
			);
			path = Coordinator;
			sourceTree = "<group>";
		};
		830C9CFF2848E62F00B1440E /* Factory */ = {
			isa = PBXGroup;
			children = (
				830C9CF92848E3B000B1440E /* FactoryProtocol.swift */,
				830C9CFB2848E3F000B1440E /* ControllerFactory.swift */,
			);
			path = Factory;
			sourceTree = "<group>";
		};
		830C9D002848EEE200B1440E /* ViewModels */ = {
			isa = PBXGroup;
			children = (
				830C9CFD2848E4CC00B1440E /* FlightTableViewModel.swift */,
			);
			path = ViewModels;
			sourceTree = "<group>";
		};
		830C9D012848EEF600B1440E /* Models */ = {
			isa = PBXGroup;
			children = (
				830C9D022848EF0700B1440E /* Services */,
				830C9CF82848E39700B1440E /* Coordinator */,
				830C9CFF2848E62F00B1440E /* Factory */,
				83724B31284CFE7900D8C73B /* API */,
			);
			path = Models;
			sourceTree = "<group>";
		};
		830C9D022848EF0700B1440E /* Services */ = {
			isa = PBXGroup;
			children = (
				830C9D032848EF1600B1440E /* NetworkService.swift */,
			);
			path = Services;
			sourceTree = "<group>";
		};
		836ABF5B284E6FEE001A4899 /* Managers */ = {
			isa = PBXGroup;
			children = (
				836ABF5C284E6FFE001A4899 /* DateManager.swift */,
				836ABF5E284EB32A001A4899 /* FavoriteManager.swift */,
			);
			path = Managers;
			sourceTree = "<group>";
		};
		83724B2D284CFDF000D8C73B /* Controllers */ = {
			isa = PBXGroup;
			children = (
				830C9CDD2848E0AA00B1440E /* FlightTableViewController.swift */,
				830C9D0D2849226100B1440E /* FlightDetailView.swift */,
			);
			path = Controllers;
			sourceTree = "<group>";
		};
		83724B2E284CFE0A00D8C73B /* Utilits */ = {
			isa = PBXGroup;
			children = (
				83724B2F284CFE1A00D8C73B /* Extensions */,
			);
			path = Utilits;
			sourceTree = "<group>";
		};
		83724B2F284CFE1A00D8C73B /* Extensions */ = {
			isa = PBXGroup;
			children = (
				830C9D0B28491B9900B1440E /* UIViewExtension.swift */,
				83724B32284CFFA300D8C73B /* UITableView+Extension.swift */,
			);
			path = Extensions;
			sourceTree = "<group>";
		};
		83724B31284CFE7900D8C73B /* API */ = {
			isa = PBXGroup;
			children = (
				830C9D072848F26100B1440E /* FligthInfo.swift */,
			);
			path = API;
			sourceTree = "<group>";
		};
		83724B34284D4F9300D8C73B /* Views */ = {
			isa = PBXGroup;
			children = (
				830C9CED2848E28500B1440E /* FlightCell.swift */,
				83724B35284D503400D8C73B /* DetailView.swift */,
			);
			path = Views;
			sourceTree = "<group>";
		};
/* End PBXGroup section */

/* Begin PBXNativeTarget section */
		830C9CD52848E0AA00B1440E /* FlightTracker */ = {
			isa = PBXNativeTarget;
			buildConfigurationList = 830C9CEA2848E0AD00B1440E /* Build configuration list for PBXNativeTarget "FlightTracker" */;
			buildPhases = (
				830C9CD22848E0AA00B1440E /* Sources */,
				830C9CD32848E0AA00B1440E /* Frameworks */,
				830C9CD42848E0AA00B1440E /* Resources */,
			);
			buildRules = (
			);
			dependencies = (
			);
			name = FlightTracker;
			productName = FlightTracker;
			productReference = 830C9CD62848E0AA00B1440E /* FlightTracker.app */;
			productType = "com.apple.product-type.application";
		};
/* End PBXNativeTarget section */

/* Begin PBXProject section */
		830C9CCE2848E0AA00B1440E /* Project object */ = {
			isa = PBXProject;
			attributes = {
				BuildIndependentTargetsInParallel = 1;
				LastSwiftUpdateCheck = 1340;
				LastUpgradeCheck = 1340;
				TargetAttributes = {
					830C9CD52848E0AA00B1440E = {
						CreatedOnToolsVersion = 13.4;
					};
				};
			};
			buildConfigurationList = 830C9CD12848E0AA00B1440E /* Build configuration list for PBXProject "FlightTracker" */;
			compatibilityVersion = "Xcode 13.0";
			developmentRegion = en;
			hasScannedForEncodings = 0;
			knownRegions = (
				en,
				Base,
			);
			mainGroup = 830C9CCD2848E0AA00B1440E;
			productRefGroup = 830C9CD72848E0AA00B1440E /* Products */;
			projectDirPath = "";
			projectRoot = "";
			targets = (
				830C9CD52848E0AA00B1440E /* FlightTracker */,
			);
		};
/* End PBXProject section */

/* Begin PBXResourcesBuildPhase section */
		830C9CD42848E0AA00B1440E /* Resources */ = {
			isa = PBXResourcesBuildPhase;
			buildActionMask = 2147483647;
			files = (
				830C9CE62848E0AD00B1440E /* LaunchScreen.storyboard in Resources */,
				830C9CE32848E0AD00B1440E /* Assets.xcassets in Resources */,
			);
			runOnlyForDeploymentPostprocessing = 0;
		};
/* End PBXResourcesBuildPhase section */

/* Begin PBXSourcesBuildPhase section */
		830C9CD22848E0AA00B1440E /* Sources */ = {
			isa = PBXSourcesBuildPhase;
			buildActionMask = 2147483647;
			files = (
				830C9D042848EF1600B1440E /* NetworkService.swift in Sources */,
				830C9CF72848E33100B1440E /* AppCoordinator.swift in Sources */,
				830C9CDE2848E0AA00B1440E /* FlightTableViewController.swift in Sources */,
				830C9D0C28491B9900B1440E /* UIViewExtension.swift in Sources */,
				83724B33284CFFA300D8C73B /* UITableView+Extension.swift in Sources */,
				836ABF5D284E6FFE001A4899 /* DateManager.swift in Sources */,
				836ABF5F284EB32A001A4899 /* FavoriteManager.swift in Sources */,
				830C9CDA2848E0AA00B1440E /* AppDelegate.swift in Sources */,
				830C9D082848F26100B1440E /* FligthInfo.swift in Sources */,
				830C9D0E2849226100B1440E /* FlightDetailView.swift in Sources */,
				83724B36284D503500D8C73B /* DetailView.swift in Sources */,
				830C9CF52848E2E800B1440E /* Coordinator.swift in Sources */,
				830C9CDC2848E0AA00B1440E /* SceneDelegate.swift in Sources */,
				830C9CFC2848E3F000B1440E /* ControllerFactory.swift in Sources */,
				830C9CEE2848E28500B1440E /* FlightCell.swift in Sources */,
				830C9CFE2848E4CC00B1440E /* FlightTableViewModel.swift in Sources */,
				830C9CFA2848E3B000B1440E /* FactoryProtocol.swift in Sources */,
			);
			runOnlyForDeploymentPostprocessing = 0;
		};
/* End PBXSourcesBuildPhase section */

/* Begin PBXVariantGroup section */
		830C9CE42848E0AD00B1440E /* LaunchScreen.storyboard */ = {
			isa = PBXVariantGroup;
			children = (
				830C9CE52848E0AD00B1440E /* Base */,
			);
			name = LaunchScreen.storyboard;
			sourceTree = "<group>";
		};
/* End PBXVariantGroup section */

/* Begin XCBuildConfiguration section */
		830C9CE82848E0AD00B1440E /* Debug */ = {
			isa = XCBuildConfiguration;
			buildSettings = {
				ALWAYS_SEARCH_USER_PATHS = NO;
				CLANG_ANALYZER_NONNULL = YES;
				CLANG_ANALYZER_NUMBER_OBJECT_CONVERSION = YES_AGGRESSIVE;
				CLANG_CXX_LANGUAGE_STANDARD = "gnu++17";
				CLANG_ENABLE_MODULES = YES;
				CLANG_ENABLE_OBJC_ARC = YES;
				CLANG_ENABLE_OBJC_WEAK = YES;
				CLANG_WARN_BLOCK_CAPTURE_AUTORELEASING = YES;
				CLANG_WARN_BOOL_CONVERSION = YES;
				CLANG_WARN_COMMA = YES;
				CLANG_WARN_CONSTANT_CONVERSION = YES;
				CLANG_WARN_DEPRECATED_OBJC_IMPLEMENTATIONS = YES;
				CLANG_WARN_DIRECT_OBJC_ISA_USAGE = YES_ERROR;
				CLANG_WARN_DOCUMENTATION_COMMENTS = YES;
				CLANG_WARN_EMPTY_BODY = YES;
				CLANG_WARN_ENUM_CONVERSION = YES;
				CLANG_WARN_INFINITE_RECURSION = YES;
				CLANG_WARN_INT_CONVERSION = YES;
				CLANG_WARN_NON_LITERAL_NULL_CONVERSION = YES;
				CLANG_WARN_OBJC_IMPLICIT_RETAIN_SELF = YES;
				CLANG_WARN_OBJC_LITERAL_CONVERSION = YES;
				CLANG_WARN_OBJC_ROOT_CLASS = YES_ERROR;
				CLANG_WARN_QUOTED_INCLUDE_IN_FRAMEWORK_HEADER = YES;
				CLANG_WARN_RANGE_LOOP_ANALYSIS = YES;
				CLANG_WARN_STRICT_PROTOTYPES = YES;
				CLANG_WARN_SUSPICIOUS_MOVE = YES;
				CLANG_WARN_UNGUARDED_AVAILABILITY = YES_AGGRESSIVE;
				CLANG_WARN_UNREACHABLE_CODE = YES;
				CLANG_WARN__DUPLICATE_METHOD_MATCH = YES;
				COPY_PHASE_STRIP = NO;
				DEBUG_INFORMATION_FORMAT = dwarf;
				ENABLE_STRICT_OBJC_MSGSEND = YES;
				ENABLE_TESTABILITY = YES;
				GCC_C_LANGUAGE_STANDARD = gnu11;
				GCC_DYNAMIC_NO_PIC = NO;
				GCC_NO_COMMON_BLOCKS = YES;
				GCC_OPTIMIZATION_LEVEL = 0;
				GCC_PREPROCESSOR_DEFINITIONS = (
					"DEBUG=1",
					"$(inherited)",
				);
				GCC_WARN_64_TO_32_BIT_CONVERSION = YES;
				GCC_WARN_ABOUT_RETURN_TYPE = YES_ERROR;
				GCC_WARN_UNDECLARED_SELECTOR = YES;
				GCC_WARN_UNINITIALIZED_AUTOS = YES_AGGRESSIVE;
				GCC_WARN_UNUSED_FUNCTION = YES;
				GCC_WARN_UNUSED_VARIABLE = YES;
				IPHONEOS_DEPLOYMENT_TARGET = 15.5;
				MTL_ENABLE_DEBUG_INFO = INCLUDE_SOURCE;
				MTL_FAST_MATH = YES;
				ONLY_ACTIVE_ARCH = YES;
				SDKROOT = iphoneos;
				SWIFT_ACTIVE_COMPILATION_CONDITIONS = DEBUG;
				SWIFT_OPTIMIZATION_LEVEL = "-Onone";
			};
			name = Debug;
		};
		830C9CE92848E0AD00B1440E /* Release */ = {
			isa = XCBuildConfiguration;
			buildSettings = {
				ALWAYS_SEARCH_USER_PATHS = NO;
				CLANG_ANALYZER_NONNULL = YES;
				CLANG_ANALYZER_NUMBER_OBJECT_CONVERSION = YES_AGGRESSIVE;
				CLANG_CXX_LANGUAGE_STANDARD = "gnu++17";
				CLANG_ENABLE_MODULES = YES;
				CLANG_ENABLE_OBJC_ARC = YES;
				CLANG_ENABLE_OBJC_WEAK = YES;
				CLANG_WARN_BLOCK_CAPTURE_AUTORELEASING = YES;
				CLANG_WARN_BOOL_CONVERSION = YES;
				CLANG_WARN_COMMA = YES;
				CLANG_WARN_CONSTANT_CONVERSION = YES;
				CLANG_WARN_DEPRECATED_OBJC_IMPLEMENTATIONS = YES;
				CLANG_WARN_DIRECT_OBJC_ISA_USAGE = YES_ERROR;
				CLANG_WARN_DOCUMENTATION_COMMENTS = YES;
				CLANG_WARN_EMPTY_BODY = YES;
				CLANG_WARN_ENUM_CONVERSION = YES;
				CLANG_WARN_INFINITE_RECURSION = YES;
				CLANG_WARN_INT_CONVERSION = YES;
				CLANG_WARN_NON_LITERAL_NULL_CONVERSION = YES;
				CLANG_WARN_OBJC_IMPLICIT_RETAIN_SELF = YES;
				CLANG_WARN_OBJC_LITERAL_CONVERSION = YES;
				CLANG_WARN_OBJC_ROOT_CLASS = YES_ERROR;
				CLANG_WARN_QUOTED_INCLUDE_IN_FRAMEWORK_HEADER = YES;
				CLANG_WARN_RANGE_LOOP_ANALYSIS = YES;
				CLANG_WARN_STRICT_PROTOTYPES = YES;
				CLANG_WARN_SUSPICIOUS_MOVE = YES;
				CLANG_WARN_UNGUARDED_AVAILABILITY = YES_AGGRESSIVE;
				CLANG_WARN_UNREACHABLE_CODE = YES;
				CLANG_WARN__DUPLICATE_METHOD_MATCH = YES;
				COPY_PHASE_STRIP = NO;
				DEBUG_INFORMATION_FORMAT = "dwarf-with-dsym";
				ENABLE_NS_ASSERTIONS = NO;
				ENABLE_STRICT_OBJC_MSGSEND = YES;
				GCC_C_LANGUAGE_STANDARD = gnu11;
				GCC_NO_COMMON_BLOCKS = YES;
				GCC_WARN_64_TO_32_BIT_CONVERSION = YES;
				GCC_WARN_ABOUT_RETURN_TYPE = YES_ERROR;
				GCC_WARN_UNDECLARED_SELECTOR = YES;
				GCC_WARN_UNINITIALIZED_AUTOS = YES_AGGRESSIVE;
				GCC_WARN_UNUSED_FUNCTION = YES;
				GCC_WARN_UNUSED_VARIABLE = YES;
				IPHONEOS_DEPLOYMENT_TARGET = 15.5;
				MTL_ENABLE_DEBUG_INFO = NO;
				MTL_FAST_MATH = YES;
				SDKROOT = iphoneos;
				SWIFT_COMPILATION_MODE = wholemodule;
				SWIFT_OPTIMIZATION_LEVEL = "-O";
				VALIDATE_PRODUCT = YES;
			};
			name = Release;
		};
		830C9CEB2848E0AD00B1440E /* Debug */ = {
			isa = XCBuildConfiguration;
			buildSettings = {
				ASSETCATALOG_COMPILER_APPICON_NAME = AppIcon;
				ASSETCATALOG_COMPILER_GLOBAL_ACCENT_COLOR_NAME = AccentColor;
				CODE_SIGN_STYLE = Automatic;
				CURRENT_PROJECT_VERSION = 1;
				DEVELOPMENT_TEAM = GCK24M7W24;
				GENERATE_INFOPLIST_FILE = YES;
				INFOPLIST_FILE = FlightTracker/Info.plist;
				INFOPLIST_KEY_UIApplicationSupportsIndirectInputEvents = YES;
				INFOPLIST_KEY_UILaunchStoryboardName = LaunchScreen;
				INFOPLIST_KEY_UISupportedInterfaceOrientations = UIInterfaceOrientationPortrait;
				INFOPLIST_KEY_UISupportedInterfaceOrientations_iPad = "UIInterfaceOrientationPortrait UIInterfaceOrientationPortraitUpsideDown UIInterfaceOrientationLandscapeLeft UIInterfaceOrientationLandscapeRight";
				INFOPLIST_KEY_UISupportedInterfaceOrientations_iPhone = "UIInterfaceOrientationPortrait UIInterfaceOrientationLandscapeLeft UIInterfaceOrientationLandscapeRight";
				LD_RUNPATH_SEARCH_PATHS = (
					"$(inherited)",
					"@executable_path/Frameworks",
				);
				MARKETING_VERSION = 1.0;
				PRODUCT_BUNDLE_IDENTIFIER = A3.FlightTracker;
				PRODUCT_NAME = "$(TARGET_NAME)";
				SWIFT_EMIT_LOC_STRINGS = YES;
				SWIFT_VERSION = 5.0;
				TARGETED_DEVICE_FAMILY = 1;
			};
			name = Debug;
		};
		830C9CEC2848E0AD00B1440E /* Release */ = {
			isa = XCBuildConfiguration;
			buildSettings = {
				ASSETCATALOG_COMPILER_APPICON_NAME = AppIcon;
				ASSETCATALOG_COMPILER_GLOBAL_ACCENT_COLOR_NAME = AccentColor;
				CODE_SIGN_STYLE = Automatic;
				CURRENT_PROJECT_VERSION = 1;
				DEVELOPMENT_TEAM = GCK24M7W24;
				GENERATE_INFOPLIST_FILE = YES;
				INFOPLIST_FILE = FlightTracker/Info.plist;
				INFOPLIST_KEY_UIApplicationSupportsIndirectInputEvents = YES;
				INFOPLIST_KEY_UILaunchStoryboardName = LaunchScreen;
				INFOPLIST_KEY_UISupportedInterfaceOrientations = UIInterfaceOrientationPortrait;
				INFOPLIST_KEY_UISupportedInterfaceOrientations_iPad = "UIInterfaceOrientationPortrait UIInterfaceOrientationPortraitUpsideDown UIInterfaceOrientationLandscapeLeft UIInterfaceOrientationLandscapeRight";
				INFOPLIST_KEY_UISupportedInterfaceOrientations_iPhone = "UIInterfaceOrientationPortrait UIInterfaceOrientationLandscapeLeft UIInterfaceOrientationLandscapeRight";
				LD_RUNPATH_SEARCH_PATHS = (
					"$(inherited)",
					"@executable_path/Frameworks",
				);
				MARKETING_VERSION = 1.0;
				PRODUCT_BUNDLE_IDENTIFIER = A3.FlightTracker;
				PRODUCT_NAME = "$(TARGET_NAME)";
				SWIFT_EMIT_LOC_STRINGS = YES;
				SWIFT_VERSION = 5.0;
				TARGETED_DEVICE_FAMILY = 1;
			};
			name = Release;
		};
/* End XCBuildConfiguration section */

/* Begin XCConfigurationList section */
		830C9CD12848E0AA00B1440E /* Build configuration list for PBXProject "FlightTracker" */ = {
			isa = XCConfigurationList;
			buildConfigurations = (
				830C9CE82848E0AD00B1440E /* Debug */,
				830C9CE92848E0AD00B1440E /* Release */,
			);
			defaultConfigurationIsVisible = 0;
			defaultConfigurationName = Release;
		};
		830C9CEA2848E0AD00B1440E /* Build configuration list for PBXNativeTarget "FlightTracker" */ = {
			isa = XCConfigurationList;
			buildConfigurations = (
				830C9CEB2848E0AD00B1440E /* Debug */,
				830C9CEC2848E0AD00B1440E /* Release */,
			);
			defaultConfigurationIsVisible = 0;
			defaultConfigurationName = Release;
		};
/* End XCConfigurationList section */
	};
	rootObject = 830C9CCE2848E0AA00B1440E /* Project object */;
}
